
Microsoft Visual Studio Solution File, Format Version 12.00
# Visual Studio Version 16
VisualStudioVersion = 16.0.28803.352
MinimumVisualStudioVersion = 10.0.40219.1
Project("{FAE04EC0-301F-11D3-BF4B-00C04F79EFBC}") = "TCP_Receive", "TCP_Receive\TCP_Receive.csproj", "{F1238F26-0D21-4B56-AB5E-53B3097B243F}"
EndProject
Project("{FAE04EC0-301F-11D3-BF4B-00C04F79EFBC}") = "TCP_Send", "TCP_Send\TCP_Send.csproj", "{1308C6B7-4DB3-459E-B9CB-09B43EFFBDB6}"
EndProject
Global
	GlobalSection(SolutionConfigurationPlatforms) = preSolution
		Debug|Any CPU = Debug|Any CPU
		Release|Any CPU = Release|Any CPU
	EndGlobalSection
	GlobalSection(ProjectConfigurationPlatforms) = postSolution
		{F1238F26-0D21-4B56-AB5E-53B3097B243F}.Debug|Any CPU.ActiveCfg = Debug|Any CPU
		{F1238F26-0D21-4B56-AB5E-53B3097B243F}.Debug|Any CPU.Build.0 = Debug|Any CPU
		{F1238F26-0D21-4B56-AB5E-53B3097B243F}.Release|Any CPU.ActiveCfg = Release|Any CPU
		{F1238F26-0D21-4B56-AB5E-53B3097B243F}.Release|Any CPU.Build.0 = Release|Any CPU
		{1308C6B7-4DB3-459E-B9CB-09B43EFFBDB6}.Debug|Any CPU.ActiveCfg = Debug|Any CPU
		{1308C6B7-4DB3-459E-B9CB-09B43EFFBDB6}.Debug|Any CPU.Build.0 = Debug|Any CPU
		{1308C6B7-4DB3-459E-B9CB-09B43EFFBDB6}.Release|Any CPU.ActiveCfg = Release|Any CPU
		{1308C6B7-4DB3-459E-B9CB-09B43EFFBDB6}.Release|Any CPU.Build.0 = Release|Any CPU
	EndGlobalSection
	GlobalSection(SolutionProperties) = preSolution
		HideSolutionNode = FALSE
	EndGlobalSection
	GlobalSection(ExtensibilityGlobals) = postSolution
		SolutionGuid = {42AD8076-7FF8-4BFB-B9ED-E7F0A26E680A}
	EndGlobalSection
EndGlobal
