
Microsoft Visual Studio Solution File, Format Version 12.00
# Visual Studio Version 16
VisualStudioVersion = 16.0.28803.352
MinimumVisualStudioVersion = 10.0.40219.1
Project("{FAE04EC0-301F-11D3-BF4B-00C04F79EFBC}") = "UDP_Send", "UDP_Send\UDP_Send.csproj", "{1110047B-EDD6-4592-A514-E103EF2C1539}"
EndProject
Project("{FAE04EC0-301F-11D3-BF4B-00C04F79EFBC}") = "UDP_Receive", "UDP_Receive\UDP_Receive.csproj", "{FD16C11C-DBE1-4D66-924E-016094D8A8C4}"
EndProject
Global
	GlobalSection(SolutionConfigurationPlatforms) = preSolution
		Debug|Any CPU = Debug|Any CPU
		Release|Any CPU = Release|Any CPU
	EndGlobalSection
	GlobalSection(ProjectConfigurationPlatforms) = postSolution
		{1110047B-EDD6-4592-A514-E103EF2C1539}.Debug|Any CPU.ActiveCfg = Debug|Any CPU
		{1110047B-EDD6-4592-A514-E103EF2C1539}.Debug|Any CPU.Build.0 = Debug|Any CPU
		{1110047B-EDD6-4592-A514-E103EF2C1539}.Release|Any CPU.ActiveCfg = Release|Any CPU
		{1110047B-EDD6-4592-A514-E103EF2C1539}.Release|Any CPU.Build.0 = Release|Any CPU
		{FD16C11C-DBE1-4D66-924E-016094D8A8C4}.Debug|Any CPU.ActiveCfg = Debug|Any CPU
		{FD16C11C-DBE1-4D66-924E-016094D8A8C4}.Debug|Any CPU.Build.0 = Debug|Any CPU
		{FD16C11C-DBE1-4D66-924E-016094D8A8C4}.Release|Any CPU.ActiveCfg = Release|Any CPU
		{FD16C11C-DBE1-4D66-924E-016094D8A8C4}.Release|Any CPU.Build.0 = Release|Any CPU
	EndGlobalSection
	GlobalSection(SolutionProperties) = preSolution
		HideSolutionNode = FALSE
	EndGlobalSection
	GlobalSection(ExtensibilityGlobals) = postSolution
		SolutionGuid = {04ABDE45-4843-4877-BC52-428671C78D52}
	EndGlobalSection
EndGlobal
